
Microsoft Visual Studio Solution File, Format Version 12.00
# Visual Studio 2013
VisualStudioVersion = 12.0.30501.0
MinimumVisualStudioVersion = 10.0.40219.1
Project("{FAE04EC0-301F-11D3-BF4B-00C04F79EFBC}") = "AutoMobileCMS", "AutoMobileCMS\AutoMobileCMS.csproj", "{356DFC46-CE73-4D9D-AA06-B39BCF32558E}"
EndProject
Project("{FAE04EC0-301F-11D3-BF4B-00C04F79EFBC}") = "AutoMobileCMS.DAL", "AutoMobileCMS.DAL\AutoMobileCMS.DAL.csproj", "{A02FDBC2-EE01-41CB-A8E4-036AAE3DD3DD}"
EndProject
Global
	GlobalSection(SolutionConfigurationPlatforms) = preSolution
		Debug|Any CPU = Debug|Any CPU
		Release|Any CPU = Release|Any CPU
	EndGlobalSection
	GlobalSection(ProjectConfigurationPlatforms) = postSolution
		{356DFC46-CE73-4D9D-AA06-B39BCF32558E}.Debug|Any CPU.ActiveCfg = Debug|Any CPU
		{356DFC46-CE73-4D9D-AA06-B39BCF32558E}.Debug|Any CPU.Build.0 = Debug|Any CPU
		{356DFC46-CE73-4D9D-AA06-B39BCF32558E}.Release|Any CPU.ActiveCfg = Release|Any CPU
		{356DFC46-CE73-4D9D-AA06-B39BCF32558E}.Release|Any CPU.Build.0 = Release|Any CPU
		{A02FDBC2-EE01-41CB-A8E4-036AAE3DD3DD}.Debug|Any CPU.ActiveCfg = Debug|Any CPU
		{A02FDBC2-EE01-41CB-A8E4-036AAE3DD3DD}.Debug|Any CPU.Build.0 = Debug|Any CPU
		{A02FDBC2-EE01-41CB-A8E4-036AAE3DD3DD}.Release|Any CPU.ActiveCfg = Release|Any CPU
		{A02FDBC2-EE01-41CB-A8E4-036AAE3DD3DD}.Release|Any CPU.Build.0 = Release|Any CPU
	EndGlobalSection
	GlobalSection(SolutionProperties) = preSolution
		HideSolutionNode = FALSE
	EndGlobalSection
	GlobalSection(ExtensibilityGlobals) = postSolution
		SolutionGuid = {BA889873-5810-440D-8824-A3A1E6875C6C}
	EndGlobalSection
EndGlobal
